
Microsoft Visual Studio Solution File, Format Version 12.00
# Visual Studio Version 18
VisualStudioVersion = 18.2.11415.280 d18.0
MinimumVisualStudioVersion = 10.0.40219.1
Project("{FAE04EC0-301F-11D3-BF4B-00C04F79EFBC}") = "LanguageCards.Api", "LanguageCards.Api.csproj", "{7A1171F9-E162-4068-BC91-EFAB13CC9422}"
EndProject
Global
	GlobalSection(SolutionConfigurationPlatforms) = preSolution
		Debug|Any CPU = Debug|Any CPU
		Release|Any CPU = Release|Any CPU
	EndGlobalSection
	GlobalSection(ProjectConfigurationPlatforms) = postSolution
		{7A1171F9-E162-4068-BC91-EFAB13CC9422}.Debug|Any CPU.ActiveCfg = Debug|Any CPU
		{7A1171F9-E162-4068-BC91-EFAB13CC9422}.Debug|Any CPU.Build.0 = Debug|Any CPU
		{7A1171F9-E162-4068-BC91-EFAB13CC9422}.Release|Any CPU.ActiveCfg = Release|Any CPU
		{7A1171F9-E162-4068-BC91-EFAB13CC9422}.Release|Any CPU.Build.0 = Release|Any CPU
	EndGlobalSection
	GlobalSection(SolutionProperties) = preSolution
		HideSolutionNode = FALSE
	EndGlobalSection
	GlobalSection(ExtensibilityGlobals) = postSolution
		SolutionGuid = {3DE072B1-C637-451F-B592-4A351F3C20E1}
	EndGlobalSection
EndGlobal
